
Microsoft Visual Studio Solution File, Format Version 12.00
# Visual Studio Version 17
VisualStudioVersion = 17.0.31903.59
MinimumVisualStudioVersion = 10.0.40219.1
Project("{2150E333-8FDC-42A3-9474-1A3956D46DE8}") = "src", "src", "{827E0CD3-B72D-47B6-A68D-7590B98EB39B}"
EndProject
Project("{FAE04EC0-301F-11D3-BF4B-00C04F79EFBC}") = "BoltAI.Domain", "src\BoltAI.Domain\BoltAI.Domain.csproj", "{5B8F2410-86B4-4431-9364-1433C2DA0057}"
EndProject
Project("{FAE04EC0-301F-11D3-BF4B-00C04F79EFBC}") = "BoltAI.Application", "src\BoltAI.Application\BoltAI.Application.csproj", "{47F390D7-CA14-4E4D-8B43-C52C0CB18E14}"
EndProject
Project("{FAE04EC0-301F-11D3-BF4B-00C04F79EFBC}") = "BoltAI.Infrastructure", "src\BoltAI.Infrastructure\BoltAI.Infrastructure.csproj", "{CD2D2C2C-1FEA-4961-ACF4-5A790B095CFC}"
EndProject
Project("{FAE04EC0-301F-11D3-BF4B-00C04F79EFBC}") = "BoltAI.Api", "src\BoltAI.Api\BoltAI.Api.csproj", "{CBC33AF9-D2ED-4411-B989-8EE7A77F9529}"
EndProject
Project("{2150E333-8FDC-42A3-9474-1A3956D46DE8}") = "tests", "tests", "{0AB3BF05-4346-4AA6-1389-037BE0695223}"
EndProject
Project("{FAE04EC0-301F-11D3-BF4B-00C04F79EFBC}") = "BoltAI.UnitTests", "tests\BoltAI.UnitTests\BoltAI.UnitTests.csproj", "{2568AD2A-950E-4A4D-BDD4-AEEB56A18E17}"
EndProject
Project("{FAE04EC0-301F-11D3-BF4B-00C04F79EFBC}") = "BoltAI.IntegrationTests", "tests\BoltAI.IntegrationTests\BoltAI.IntegrationTests.csproj", "{DF08EE35-A577-4C3F-BB84-4186802F1D33}"
EndProject
Global
	GlobalSection(SolutionConfigurationPlatforms) = preSolution
		Debug|Any CPU = Debug|Any CPU
		Debug|x64 = Debug|x64
		Debug|x86 = Debug|x86
		Release|Any CPU = Release|Any CPU
		Release|x64 = Release|x64
		Release|x86 = Release|x86
	EndGlobalSection
	GlobalSection(ProjectConfigurationPlatforms) = postSolution
		{5B8F2410-86B4-4431-9364-1433C2DA0057}.Debug|Any CPU.ActiveCfg = Debug|Any CPU
		{5B8F2410-86B4-4431-9364-1433C2DA0057}.Debug|Any CPU.Build.0 = Debug|Any CPU
		{5B8F2410-86B4-4431-9364-1433C2DA0057}.Debug|x64.ActiveCfg = Debug|Any CPU
		{5B8F2410-86B4-4431-9364-1433C2DA0057}.Debug|x64.Build.0 = Debug|Any CPU
		{5B8F2410-86B4-4431-9364-1433C2DA0057}.Debug|x86.ActiveCfg = Debug|Any CPU
		{5B8F2410-86B4-4431-9364-1433C2DA0057}.Debug|x86.Build.0 = Debug|Any CPU
		{5B8F2410-86B4-4431-9364-1433C2DA0057}.Release|Any CPU.ActiveCfg = Release|Any CPU
		{5B8F2410-86B4-4431-9364-1433C2DA0057}.Release|Any CPU.Build.0 = Release|Any CPU
		{5B8F2410-86B4-4431-9364-1433C2DA0057}.Release|x64.ActiveCfg = Release|Any CPU
		{5B8F2410-86B4-4431-9364-1433C2DA0057}.Release|x64.Build.0 = Release|Any CPU
		{5B8F2410-86B4-4431-9364-1433C2DA0057}.Release|x86.ActiveCfg = Release|Any CPU
		{5B8F2410-86B4-4431-9364-1433C2DA0057}.Release|x86.Build.0 = Release|Any CPU
		{47F390D7-CA14-4E4D-8B43-C52C0CB18E14}.Debug|Any CPU.ActiveCfg = Debug|Any CPU
		{47F390D7-CA14-4E4D-8B43-C52C0CB18E14}.Debug|Any CPU.Build.0 = Debug|Any CPU
		{47F390D7-CA14-4E4D-8B43-C52C0CB18E14}.Debug|x64.ActiveCfg = Debug|Any CPU
		{47F390D7-CA14-4E4D-8B43-C52C0CB18E14}.Debug|x64.Build.0 = Debug|Any CPU
		{47F390D7-CA14-4E4D-8B43-C52C0CB18E14}.Debug|x86.ActiveCfg = Debug|Any CPU
		{47F390D7-CA14-4E4D-8B43-C52C0CB18E14}.Debug|x86.Build.0 = Debug|Any CPU
		{47F390D7-CA14-4E4D-8B43-C52C0CB18E14}.Release|Any CPU.ActiveCfg = Release|Any CPU
		{47F390D7-CA14-4E4D-8B43-C52C0CB18E14}.Release|Any CPU.Build.0 = Release|Any CPU
		{47F390D7-CA14-4E4D-8B43-C52C0CB18E14}.Release|x64.ActiveCfg = Release|Any CPU
		{47F390D7-CA14-4E4D-8B43-C52C0CB18E14}.Release|x64.Build.0 = Release|Any CPU
		{47F390D7-CA14-4E4D-8B43-C52C0CB18E14}.Release|x86.ActiveCfg = Release|Any CPU
		{47F390D7-CA14-4E4D-8B43-C52C0CB18E14}.Release|x86.Build.0 = Release|Any CPU
		{CD2D2C2C-1FEA-4961-ACF4-5A790B095CFC}.Debug|Any CPU.ActiveCfg = Debug|Any CPU
		{CD2D2C2C-1FEA-4961-ACF4-5A790B095CFC}.Debug|Any CPU.Build.0 = Debug|Any CPU
		{CD2D2C2C-1FEA-4961-ACF4-5A790B095CFC}.Debug|x64.ActiveCfg = Debug|Any CPU
		{CD2D2C2C-1FEA-4961-ACF4-5A790B095CFC}.Debug|x64.Build.0 = Debug|Any CPU
		{CD2D2C2C-1FEA-4961-ACF4-5A790B095CFC}.Debug|x86.ActiveCfg = Debug|Any CPU
		{CD2D2C2C-1FEA-4961-ACF4-5A790B095CFC}.Debug|x86.Build.0 = Debug|Any CPU
		{CD2D2C2C-1FEA-4961-ACF4-5A790B095CFC}.Release|Any CPU.ActiveCfg = Release|Any CPU
		{CD2D2C2C-1FEA-4961-ACF4-5A790B095CFC}.Release|Any CPU.Build.0 = Release|Any CPU
		{CD2D2C2C-1FEA-4961-ACF4-5A790B095CFC}.Release|x64.ActiveCfg = Release|Any CPU
		{CD2D2C2C-1FEA-4961-ACF4-5A790B095CFC}.Release|x64.Build.0 = Release|Any CPU
		{CD2D2C2C-1FEA-4961-ACF4-5A790B095CFC}.Release|x86.ActiveCfg = Release|Any CPU
		{CD2D2C2C-1FEA-4961-ACF4-5A790B095CFC}.Release|x86.Build.0 = Release|Any CPU
		{CBC33AF9-D2ED-4411-B989-8EE7A77F9529}.Debug|Any CPU.ActiveCfg = Debug|Any CPU
		{CBC33AF9-D2ED-4411-B989-8EE7A77F9529}.Debug|Any CPU.Build.0 = Debug|Any CPU
		{CBC33AF9-D2ED-4411-B989-8EE7A77F9529}.Debug|x64.ActiveCfg = Debug|Any CPU
		{CBC33AF9-D2ED-4411-B989-8EE7A77F9529}.Debug|x64.Build.0 = Debug|Any CPU
		{CBC33AF9-D2ED-4411-B989-8EE7A77F9529}.Debug|x86.ActiveCfg = Debug|Any CPU
		{CBC33AF9-D2ED-4411-B989-8EE7A77F9529}.Debug|x86.Build.0 = Debug|Any CPU
		{CBC33AF9-D2ED-4411-B989-8EE7A77F9529}.Release|Any CPU.ActiveCfg = Release|Any CPU
		{CBC33AF9-D2ED-4411-B989-8EE7A77F9529}.Release|Any CPU.Build.0 = Release|Any CPU
		{CBC33AF9-D2ED-4411-B989-8EE7A77F9529}.Release|x64.ActiveCfg = Release|Any CPU
		{CBC33AF9-D2ED-4411-B989-8EE7A77F9529}.Release|x64.Build.0 = Release|Any CPU
		{CBC33AF9-D2ED-4411-B989-8EE7A77F9529}.Release|x86.ActiveCfg = Release|Any CPU
		{CBC33AF9-D2ED-4411-B989-8EE7A77F9529}.Release|x86.Build.0 = Release|Any CPU
		{2568AD2A-950E-4A4D-BDD4-AEEB56A18E17}.Debug|Any CPU.ActiveCfg = Debug|Any CPU
		{2568AD2A-950E-4A4D-BDD4-AEEB56A18E17}.Debug|Any CPU.Build.0 = Debug|Any CPU
		{2568AD2A-950E-4A4D-BDD4-AEEB56A18E17}.Debug|x64.ActiveCfg = Debug|Any CPU
		{2568AD2A-950E-4A4D-BDD4-AEEB56A18E17}.Debug|x64.Build.0 = Debug|Any CPU
		{2568AD2A-950E-4A4D-BDD4-AEEB56A18E17}.Debug|x86.ActiveCfg = Debug|Any CPU
		{2568AD2A-950E-4A4D-BDD4-AEEB56A18E17}.Debug|x86.Build.0 = Debug|Any CPU
		{2568AD2A-950E-4A4D-BDD4-AEEB56A18E17}.Release|Any CPU.ActiveCfg = Release|Any CPU
		{2568AD2A-950E-4A4D-BDD4-AEEB56A18E17}.Release|Any CPU.Build.0 = Release|Any CPU
		{2568AD2A-950E-4A4D-BDD4-AEEB56A18E17}.Release|x64.ActiveCfg = Release|Any CPU
		{2568AD2A-950E-4A4D-BDD4-AEEB56A18E17}.Release|x64.Build.0 = Release|Any CPU
		{2568AD2A-950E-4A4D-BDD4-AEEB56A18E17}.Release|x86.ActiveCfg = Release|Any CPU
		{2568AD2A-950E-4A4D-BDD4-AEEB56A18E17}.Release|x86.Build.0 = Release|Any CPU
		{DF08EE35-A577-4C3F-BB84-4186802F1D33}.Debug|Any CPU.ActiveCfg = Debug|Any CPU
		{DF08EE35-A577-4C3F-BB84-4186802F1D33}.Debug|Any CPU.Build.0 = Debug|Any CPU
		{DF08EE35-A577-4C3F-BB84-4186802F1D33}.Debug|x64.ActiveCfg = Debug|Any CPU
		{DF08EE35-A577-4C3F-BB84-4186802F1D33}.Debug|x64.Build.0 = Debug|Any CPU
		{DF08EE35-A577-4C3F-BB84-4186802F1D33}.Debug|x86.ActiveCfg = Debug|Any CPU
		{DF08EE35-A577-4C3F-BB84-4186802F1D33}.Debug|x86.Build.0 = Debug|Any CPU
		{DF08EE35-A577-4C3F-BB84-4186802F1D33}.Release|Any CPU.ActiveCfg = Release|Any CPU
		{DF08EE35-A577-4C3F-BB84-4186802F1D33}.Release|Any CPU.Build.0 = Release|Any CPU
		{DF08EE35-A577-4C3F-BB84-4186802F1D33}.Release|x64.ActiveCfg = Release|Any CPU
		{DF08EE35-A577-4C3F-BB84-4186802F1D33}.Release|x64.Build.0 = Release|Any CPU
		{DF08EE35-A577-4C3F-BB84-4186802F1D33}.Release|x86.ActiveCfg = Release|Any CPU
		{DF08EE35-A577-4C3F-BB84-4186802F1D33}.Release|x86.Build.0 = Release|Any CPU
	EndGlobalSection
	GlobalSection(SolutionProperties) = preSolution
		HideSolutionNode = FALSE
	EndGlobalSection
	GlobalSection(NestedProjects) = preSolution
		{5B8F2410-86B4-4431-9364-1433C2DA0057} = {827E0CD3-B72D-47B6-A68D-7590B98EB39B}
		{47F390D7-CA14-4E4D-8B43-C52C0CB18E14} = {827E0CD3-B72D-47B6-A68D-7590B98EB39B}
		{CD2D2C2C-1FEA-4961-ACF4-5A790B095CFC} = {827E0CD3-B72D-47B6-A68D-7590B98EB39B}
		{CBC33AF9-D2ED-4411-B989-8EE7A77F9529} = {827E0CD3-B72D-47B6-A68D-7590B98EB39B}
		{2568AD2A-950E-4A4D-BDD4-AEEB56A18E17} = {0AB3BF05-4346-4AA6-1389-037BE0695223}
		{DF08EE35-A577-4C3F-BB84-4186802F1D33} = {0AB3BF05-4346-4AA6-1389-037BE0695223}
	EndGlobalSection
EndGlobal
